
Microsoft Visual Studio Solution File, Format Version 12.00
# Visual Studio Version 17
VisualStudioVersion = 17.8.34330.188
MinimumVisualStudioVersion = 10.0.40219.1
Project("{FAE04EC0-301F-11D3-BF4B-00C04F79EFBC}") = "ANN_V2", "ANN_V2\ANN_V2.csproj", "{F7119BAB-B539-410D-9010-13F3A381CCB0}"
EndProject
Global
	GlobalSection(SolutionConfigurationPlatforms) = preSolution
		Debug|Any CPU = Debug|Any CPU
		Release|Any CPU = Release|Any CPU
	EndGlobalSection
	GlobalSection(ProjectConfigurationPlatforms) = postSolution
		{F7119BAB-B539-410D-9010-13F3A381CCB0}.Debug|Any CPU.ActiveCfg = Debug|Any CPU
		{F7119BAB-B539-410D-9010-13F3A381CCB0}.Debug|Any CPU.Build.0 = Debug|Any CPU
		{F7119BAB-B539-410D-9010-13F3A381CCB0}.Release|Any CPU.ActiveCfg = Release|Any CPU
		{F7119BAB-B539-410D-9010-13F3A381CCB0}.Release|Any CPU.Build.0 = Release|Any CPU
	EndGlobalSection
	GlobalSection(SolutionProperties) = preSolution
		HideSolutionNode = FALSE
	EndGlobalSection
	GlobalSection(ExtensibilityGlobals) = postSolution
		SolutionGuid = {0616554E-6634-4286-BC36-AF3B2F2A9337}
	EndGlobalSection
EndGlobal
